
Microsoft Visual Studio Solution File, Format Version 12.00
# Visual Studio 15
VisualStudioVersion = 15.0.28010.2026
MinimumVisualStudioVersion = 10.0.40219.1
Project("{FAE04EC0-301F-11D3-BF4B-00C04F79EFBC}") = "FinancialFoundations.Android", "FinancialFoundations\FinancialFoundations.Android\FinancialFoundations.Android.csproj", "{89FFD93B-7238-4026-9D8C-19B86641506F}"
EndProject
Project("{9A19103F-16F7-4668-BE54-9A1E7A4F7556}") = "FinancialFoundations", "FinancialFoundations\FinancialFoundations\FinancialFoundations.csproj", "{31F30650-2E99-4363-9D27-357A3513864D}"
EndProject
Project("{9A19103F-16F7-4668-BE54-9A1E7A4F7556}") = "FinancialFoundations.Framework", "FinancialFoundations.Framework\FinancialFoundations.Framework.csproj", "{1B9A8CB3-1BEB-44B2-908C-41652CF7638B}"
EndProject
Project("{9A19103F-16F7-4668-BE54-9A1E7A4F7556}") = "FinancialFoundations.StudentWork.Domain", "FinancialFoundations.StudentWork.Domain\FinancialFoundations.StudentWork.Domain.csproj", "{2A8D258E-FA01-46BB-AB81-37BAC5F4E60D}"
EndProject
Project("{9A19103F-16F7-4668-BE54-9A1E7A4F7556}") = "FinancialFoundations.SubjectMatter.Domain", "FinancialFoundations.SubjectMatter.Domain\FinancialFoundations.SubjectMatter.Domain.csproj", "{A907FBA8-F917-4F33-81E8-D9AD29A62235}"
EndProject
Project("{2150E333-8FDC-42A3-9474-1A3956D46DE8}") = "G", "G", "{9670A2AB-B5DC-43C8-94D1-C58ED547F417}"
EndProject
Project("{2150E333-8FDC-42A3-9474-1A3956D46DE8}") = "Framework", "Framework", "{DE424437-FA6D-48AD-93EB-2146F55CEAE7}"
EndProject
Project("{9A19103F-16F7-4668-BE54-9A1E7A4F7556}") = "FinancialFoundations.StudentWork.Implementation.LocalFileStorage", "FinancialFoundations.StudentWork.Implementation.LocalFileStorage\FinancialFoundations.StudentWork.Implementation.LocalFileStorage.csproj", "{4BC38BFF-2C40-4492-A661-2F5C75DFF5B9}"
EndProject
Project("{9A19103F-16F7-4668-BE54-9A1E7A4F7556}") = "FinancialFoundations.SubjectMatter.Implementation.LocalFileStorage", "FinancialFoundations.SubjectMatter.Implementation.LocalFileStorage\FinancialFoundations.SubjectMatter.Implementation.LocalFileStorage.csproj", "{81848CAB-9AAD-4AA5-9DDB-23C9AD2CB86F}"
EndProject
Project("{FAE04EC0-301F-11D3-BF4B-00C04F79EFBC}") = "FinancialFoundations.StudentWork.CoreProcessing", "FinancialFoundations.StudentWork.CoreProcessing\FinancialFoundations.StudentWork.CoreProcessing.csproj", "{92E1F83C-6A12-4B64-95B3-79D618B7F172}"
EndProject
Project("{FAE04EC0-301F-11D3-BF4B-00C04F79EFBC}") = "FinancialFoundations.StudentWork.CoreProcessing.Tests", "FinancialFoundations.StudentWork.CoreProcessing.Tests\FinancialFoundations.StudentWork.CoreProcessing.Tests.csproj", "{4E51766E-DC14-4428-8C3C-D82DBAEA5D38}"
EndProject
Global
	GlobalSection(SolutionConfigurationPlatforms) = preSolution
		Debug|Any CPU = Debug|Any CPU
		Release|Any CPU = Release|Any CPU
	EndGlobalSection
	GlobalSection(ProjectConfigurationPlatforms) = postSolution
		{89FFD93B-7238-4026-9D8C-19B86641506F}.Debug|Any CPU.ActiveCfg = Debug|Any CPU
		{89FFD93B-7238-4026-9D8C-19B86641506F}.Debug|Any CPU.Build.0 = Debug|Any CPU
		{89FFD93B-7238-4026-9D8C-19B86641506F}.Debug|Any CPU.Deploy.0 = Debug|Any CPU
		{89FFD93B-7238-4026-9D8C-19B86641506F}.Release|Any CPU.ActiveCfg = Release|Any CPU
		{89FFD93B-7238-4026-9D8C-19B86641506F}.Release|Any CPU.Build.0 = Release|Any CPU
		{89FFD93B-7238-4026-9D8C-19B86641506F}.Release|Any CPU.Deploy.0 = Release|Any CPU
		{31F30650-2E99-4363-9D27-357A3513864D}.Debug|Any CPU.ActiveCfg = Debug|Any CPU
		{31F30650-2E99-4363-9D27-357A3513864D}.Debug|Any CPU.Build.0 = Debug|Any CPU
		{31F30650-2E99-4363-9D27-357A3513864D}.Debug|Any CPU.Deploy.0 = Debug|Any CPU
		{31F30650-2E99-4363-9D27-357A3513864D}.Release|Any CPU.ActiveCfg = Release|Any CPU
		{31F30650-2E99-4363-9D27-357A3513864D}.Release|Any CPU.Build.0 = Release|Any CPU
		{31F30650-2E99-4363-9D27-357A3513864D}.Release|Any CPU.Deploy.0 = Release|Any CPU
		{1B9A8CB3-1BEB-44B2-908C-41652CF7638B}.Debug|Any CPU.ActiveCfg = Debug|Any CPU
		{1B9A8CB3-1BEB-44B2-908C-41652CF7638B}.Debug|Any CPU.Build.0 = Debug|Any CPU
		{1B9A8CB3-1BEB-44B2-908C-41652CF7638B}.Release|Any CPU.ActiveCfg = Release|Any CPU
		{1B9A8CB3-1BEB-44B2-908C-41652CF7638B}.Release|Any CPU.Build.0 = Release|Any CPU
		{2A8D258E-FA01-46BB-AB81-37BAC5F4E60D}.Debug|Any CPU.ActiveCfg = Debug|Any CPU
		{2A8D258E-FA01-46BB-AB81-37BAC5F4E60D}.Debug|Any CPU.Build.0 = Debug|Any CPU
		{2A8D258E-FA01-46BB-AB81-37BAC5F4E60D}.Release|Any CPU.ActiveCfg = Release|Any CPU
		{2A8D258E-FA01-46BB-AB81-37BAC5F4E60D}.Release|Any CPU.Build.0 = Release|Any CPU
		{A907FBA8-F917-4F33-81E8-D9AD29A62235}.Debug|Any CPU.ActiveCfg = Debug|Any CPU
		{A907FBA8-F917-4F33-81E8-D9AD29A62235}.Debug|Any CPU.Build.0 = Debug|Any CPU
		{A907FBA8-F917-4F33-81E8-D9AD29A62235}.Release|Any CPU.ActiveCfg = Release|Any CPU
		{A907FBA8-F917-4F33-81E8-D9AD29A62235}.Release|Any CPU.Build.0 = Release|Any CPU
		{4BC38BFF-2C40-4492-A661-2F5C75DFF5B9}.Debug|Any CPU.ActiveCfg = Debug|Any CPU
		{4BC38BFF-2C40-4492-A661-2F5C75DFF5B9}.Debug|Any CPU.Build.0 = Debug|Any CPU
		{4BC38BFF-2C40-4492-A661-2F5C75DFF5B9}.Release|Any CPU.ActiveCfg = Release|Any CPU
		{4BC38BFF-2C40-4492-A661-2F5C75DFF5B9}.Release|Any CPU.Build.0 = Release|Any CPU
		{81848CAB-9AAD-4AA5-9DDB-23C9AD2CB86F}.Debug|Any CPU.ActiveCfg = Debug|Any CPU
		{81848CAB-9AAD-4AA5-9DDB-23C9AD2CB86F}.Debug|Any CPU.Build.0 = Debug|Any CPU
		{81848CAB-9AAD-4AA5-9DDB-23C9AD2CB86F}.Release|Any CPU.ActiveCfg = Release|Any CPU
		{81848CAB-9AAD-4AA5-9DDB-23C9AD2CB86F}.Release|Any CPU.Build.0 = Release|Any CPU
		{92E1F83C-6A12-4B64-95B3-79D618B7F172}.Debug|Any CPU.ActiveCfg = Debug|Any CPU
		{92E1F83C-6A12-4B64-95B3-79D618B7F172}.Debug|Any CPU.Build.0 = Debug|Any CPU
		{92E1F83C-6A12-4B64-95B3-79D618B7F172}.Release|Any CPU.ActiveCfg = Release|Any CPU
		{92E1F83C-6A12-4B64-95B3-79D618B7F172}.Release|Any CPU.Build.0 = Release|Any CPU
		{4E51766E-DC14-4428-8C3C-D82DBAEA5D38}.Debug|Any CPU.ActiveCfg = Debug|Any CPU
		{4E51766E-DC14-4428-8C3C-D82DBAEA5D38}.Debug|Any CPU.Build.0 = Debug|Any CPU
		{4E51766E-DC14-4428-8C3C-D82DBAEA5D38}.Release|Any CPU.ActiveCfg = Release|Any CPU
		{4E51766E-DC14-4428-8C3C-D82DBAEA5D38}.Release|Any CPU.Build.0 = Release|Any CPU
	EndGlobalSection
	GlobalSection(SolutionProperties) = preSolution
		HideSolutionNode = FALSE
	EndGlobalSection
	GlobalSection(NestedProjects) = preSolution
		{1B9A8CB3-1BEB-44B2-908C-41652CF7638B} = {DE424437-FA6D-48AD-93EB-2146F55CEAE7}
		{2A8D258E-FA01-46BB-AB81-37BAC5F4E60D} = {9670A2AB-B5DC-43C8-94D1-C58ED547F417}
		{A907FBA8-F917-4F33-81E8-D9AD29A62235} = {9670A2AB-B5DC-43C8-94D1-C58ED547F417}
		{4BC38BFF-2C40-4492-A661-2F5C75DFF5B9} = {9670A2AB-B5DC-43C8-94D1-C58ED547F417}
		{81848CAB-9AAD-4AA5-9DDB-23C9AD2CB86F} = {9670A2AB-B5DC-43C8-94D1-C58ED547F417}
		{92E1F83C-6A12-4B64-95B3-79D618B7F172} = {9670A2AB-B5DC-43C8-94D1-C58ED547F417}
		{4E51766E-DC14-4428-8C3C-D82DBAEA5D38} = {9670A2AB-B5DC-43C8-94D1-C58ED547F417}
	EndGlobalSection
	GlobalSection(ExtensibilityGlobals) = postSolution
		SolutionGuid = {90D23E05-7B9A-486F-8E3B-73C808CED94C}
	EndGlobalSection
EndGlobal
